
Microsoft Visual Studio Solution File, Format Version 12.00
# Visual Studio Version 17
VisualStudioVersion = 17.14.36705.20 d17.14
MinimumVisualStudioVersion = 10.0.40219.1
Project("{FAE04EC0-301F-11D3-BF4B-00C04F79EFBC}") = "LiteraVerseAPI", "LiteraVerseAPI.csproj", "{4333FDA3-5516-430B-9F6E-665D7C1ECA8D}"
EndProject
Global
	GlobalSection(SolutionConfigurationPlatforms) = preSolution
		Debug|Any CPU = Debug|Any CPU
		Release|Any CPU = Release|Any CPU
	EndGlobalSection
	GlobalSection(ProjectConfigurationPlatforms) = postSolution
		{4333FDA3-5516-430B-9F6E-665D7C1ECA8D}.Debug|Any CPU.ActiveCfg = Debug|Any CPU
		{4333FDA3-5516-430B-9F6E-665D7C1ECA8D}.Debug|Any CPU.Build.0 = Debug|Any CPU
		{4333FDA3-5516-430B-9F6E-665D7C1ECA8D}.Release|Any CPU.ActiveCfg = Release|Any CPU
		{4333FDA3-5516-430B-9F6E-665D7C1ECA8D}.Release|Any CPU.Build.0 = Release|Any CPU
	EndGlobalSection
	GlobalSection(SolutionProperties) = preSolution
		HideSolutionNode = FALSE
	EndGlobalSection
	GlobalSection(ExtensibilityGlobals) = postSolution
		SolutionGuid = {F9C5112A-7DB1-4820-93B0-8B314B172144}
	EndGlobalSection
EndGlobal
